
Microsoft Visual Studio Solution File, Format Version 12.00
# Visual Studio Version 17
VisualStudioVersion = 17.5.002.0
MinimumVisualStudioVersion = 10.0.40219.1
Project("{2150E333-8FDC-42A3-9474-1A3956D46DE8}") = "csharp-prep", "csharp-prep", "{4B5EE425-6525-4F6D-824F-96E9C0EBDB5A}"
EndProject
Project("{9A19103F-16F7-4668-BE54-9A1E7A4F7556}") = "Prep1", "csharp-prep\Prep1\Prep1.csproj", "{1834080E-D3F0-4F16-9F2E-307068883548}"
EndProject
Project("{9A19103F-16F7-4668-BE54-9A1E7A4F7556}") = "Prep2", "csharp-prep\Prep2\Prep2.csproj", "{936D16EF-3A04-4669-9CE3-B05C1406A41A}"
EndProject
Project("{9A19103F-16F7-4668-BE54-9A1E7A4F7556}") = "Prep3", "csharp-prep\Prep3\Prep3.csproj", "{AAE2B32D-4399-43F2-A7B2-FEF3983D7F01}"
EndProject
Project("{9A19103F-16F7-4668-BE54-9A1E7A4F7556}") = "Prep4", "csharp-prep\Prep4\Prep4.csproj", "{ABFB735F-2BAE-46D9-994E-1BDC2C3F46E0}"
EndProject
Project("{9A19103F-16F7-4668-BE54-9A1E7A4F7556}") = "Prep5", "csharp-prep\Prep5\Prep5.csproj", "{7EA0614D-408F-463E-BCD8-39AC461E022C}"
EndProject
Project("{2150E333-8FDC-42A3-9474-1A3956D46DE8}") = "final", "final", "{4E43C1D6-4F9D-401D-9DCA-91DF7908061D}"
EndProject
Project("{9A19103F-16F7-4668-BE54-9A1E7A4F7556}") = "FinalProject", "final\FinalProject\FinalProject.csproj", "{7C5FDE97-E38A-4922-976E-D2813A199902}"
EndProject
Project("{9A19103F-16F7-4668-BE54-9A1E7A4F7556}") = "Foundation1", "final\Foundation1\Foundation1.csproj", "{337185AC-BC91-48F0-B5FE-E27AADF13EF5}"
EndProject
Project("{9A19103F-16F7-4668-BE54-9A1E7A4F7556}") = "Foundation2", "final\Foundation2\Foundation2.csproj", "{27EB1D32-A904-4ACD-8F79-4D0A410CA78F}"
EndProject
Project("{9A19103F-16F7-4668-BE54-9A1E7A4F7556}") = "Foundation3", "final\Foundation3\Foundation3.csproj", "{794BB052-F57E-471D-A4FA-63CFED400076}"
EndProject
Project("{9A19103F-16F7-4668-BE54-9A1E7A4F7556}") = "Foundation4", "final\Foundation4\Foundation4.csproj", "{EB22AD7A-33CE-40D8-866F-4B1BA87A640F}"
EndProject
Project("{2150E333-8FDC-42A3-9474-1A3956D46DE8}") = "prepare", "prepare", "{3A0A8BED-320C-436F-A514-505B1FECEDC9}"
EndProject
Project("{9A19103F-16F7-4668-BE54-9A1E7A4F7556}") = "Learning02", "prepare\Learning02\Learning02.csproj", "{122810CF-7BBA-4E41-A200-2B1A9BA17ECD}"
EndProject
Project("{9A19103F-16F7-4668-BE54-9A1E7A4F7556}") = "Learning03", "prepare\Learning03\Learning03.csproj", "{5EE54F0B-59C6-4219-A121-57F1E0FAE45C}"
EndProject
Project("{9A19103F-16F7-4668-BE54-9A1E7A4F7556}") = "Learning04", "prepare\Learning04\Learning04.csproj", "{65C5978D-7F14-4BFD-A2AE-756FAA04F6F9}"
EndProject
Project("{9A19103F-16F7-4668-BE54-9A1E7A4F7556}") = "Learning05", "prepare\Learning05\Learning05.csproj", "{E1C48B35-2627-49B8-AF9D-921B58B99B00}"
EndProject
Project("{2150E333-8FDC-42A3-9474-1A3956D46DE8}") = "prove", "prove", "{024FCAE9-AC1F-45EB-B7A2-2218D999CFD3}"
EndProject
Project("{9A19103F-16F7-4668-BE54-9A1E7A4F7556}") = "Develop02", "prove\Develop02\Develop02.csproj", "{A65902D2-DF8E-4558-808B-99007BFFBF97}"
EndProject
Project("{9A19103F-16F7-4668-BE54-9A1E7A4F7556}") = "Develop03", "prove\Develop03\Develop03.csproj", "{46081CF9-8EB6-4738-BFAF-B8FBDCB8B6BA}"
EndProject
Project("{9A19103F-16F7-4668-BE54-9A1E7A4F7556}") = "Develop04", "prove\Develop04\Develop04.csproj", "{F268080E-EAA3-4015-9871-B5158FAE2EA7}"
EndProject
Project("{9A19103F-16F7-4668-BE54-9A1E7A4F7556}") = "Develop05", "prove\Develop05\Develop05.csproj", "{E0E0E7B0-2BFC-490F-8CB1-A255F08799B1}"
EndProject
Project("{2150E333-8FDC-42A3-9474-1A3956D46DE8}") = "sandbox", "sandbox", "{C9E25767-6EB4-4829-942D-28F32DFA5DC6}"
EndProject
Project("{9A19103F-16F7-4668-BE54-9A1E7A4F7556}") = "Sandbox", "sandbox\Sandbox\Sandbox.csproj", "{F3E2F0A4-6323-43D9-AA99-DB2AA86CA39A}"
EndProject
Global
	GlobalSection(SolutionConfigurationPlatforms) = preSolution
		Debug|Any CPU = Debug|Any CPU
		Release|Any CPU = Release|Any CPU
	EndGlobalSection
	GlobalSection(ProjectConfigurationPlatforms) = postSolution
		{1834080E-D3F0-4F16-9F2E-307068883548}.Debug|Any CPU.ActiveCfg = Debug|Any CPU
		{1834080E-D3F0-4F16-9F2E-307068883548}.Debug|Any CPU.Build.0 = Debug|Any CPU
		{1834080E-D3F0-4F16-9F2E-307068883548}.Release|Any CPU.ActiveCfg = Release|Any CPU
		{1834080E-D3F0-4F16-9F2E-307068883548}.Release|Any CPU.Build.0 = Release|Any CPU
		{936D16EF-3A04-4669-9CE3-B05C1406A41A}.Debug|Any CPU.ActiveCfg = Debug|Any CPU
		{936D16EF-3A04-4669-9CE3-B05C1406A41A}.Debug|Any CPU.Build.0 = Debug|Any CPU
		{936D16EF-3A04-4669-9CE3-B05C1406A41A}.Release|Any CPU.ActiveCfg = Release|Any CPU
		{936D16EF-3A04-4669-9CE3-B05C1406A41A}.Release|Any CPU.Build.0 = Release|Any CPU
		{AAE2B32D-4399-43F2-A7B2-FEF3983D7F01}.Debug|Any CPU.ActiveCfg = Debug|Any CPU
		{AAE2B32D-4399-43F2-A7B2-FEF3983D7F01}.Debug|Any CPU.Build.0 = Debug|Any CPU
		{AAE2B32D-4399-43F2-A7B2-FEF3983D7F01}.Release|Any CPU.ActiveCfg = Release|Any CPU
		{AAE2B32D-4399-43F2-A7B2-FEF3983D7F01}.Release|Any CPU.Build.0 = Release|Any CPU
		{ABFB735F-2BAE-46D9-994E-1BDC2C3F46E0}.Debug|Any CPU.ActiveCfg = Debug|Any CPU
		{ABFB735F-2BAE-46D9-994E-1BDC2C3F46E0}.Debug|Any CPU.Build.0 = Debug|Any CPU
		{ABFB735F-2BAE-46D9-994E-1BDC2C3F46E0}.Release|Any CPU.ActiveCfg = Release|Any CPU
		{ABFB735F-2BAE-46D9-994E-1BDC2C3F46E0}.Release|Any CPU.Build.0 = Release|Any CPU
		{7EA0614D-408F-463E-BCD8-39AC461E022C}.Debug|Any CPU.ActiveCfg = Debug|Any CPU
		{7EA0614D-408F-463E-BCD8-39AC461E022C}.Debug|Any CPU.Build.0 = Debug|Any CPU
		{7EA0614D-408F-463E-BCD8-39AC461E022C}.Release|Any CPU.ActiveCfg = Release|Any CPU
		{7EA0614D-408F-463E-BCD8-39AC461E022C}.Release|Any CPU.Build.0 = Release|Any CPU
		{7C5FDE97-E38A-4922-976E-D2813A199902}.Debug|Any CPU.ActiveCfg = Debug|Any CPU
		{7C5FDE97-E38A-4922-976E-D2813A199902}.Debug|Any CPU.Build.0 = Debug|Any CPU
		{7C5FDE97-E38A-4922-976E-D2813A199902}.Release|Any CPU.ActiveCfg = Release|Any CPU
		{7C5FDE97-E38A-4922-976E-D2813A199902}.Release|Any CPU.Build.0 = Release|Any CPU
		{337185AC-BC91-48F0-B5FE-E27AADF13EF5}.Debug|Any CPU.ActiveCfg = Debug|Any CPU
		{337185AC-BC91-48F0-B5FE-E27AADF13EF5}.Debug|Any CPU.Build.0 = Debug|Any CPU
		{337185AC-BC91-48F0-B5FE-E27AADF13EF5}.Release|Any CPU.ActiveCfg = Release|Any CPU
		{337185AC-BC91-48F0-B5FE-E27AADF13EF5}.Release|Any CPU.Build.0 = Release|Any CPU
		{27EB1D32-A904-4ACD-8F79-4D0A410CA78F}.Debug|Any CPU.ActiveCfg = Debug|Any CPU
		{27EB1D32-A904-4ACD-8F79-4D0A410CA78F}.Debug|Any CPU.Build.0 = Debug|Any CPU
		{27EB1D32-A904-4ACD-8F79-4D0A410CA78F}.Release|Any CPU.ActiveCfg = Release|Any CPU
		{27EB1D32-A904-4ACD-8F79-4D0A410CA78F}.Release|Any CPU.Build.0 = Release|Any CPU
		{794BB052-F57E-471D-A4FA-63CFED400076}.Debug|Any CPU.ActiveCfg = Debug|Any CPU
		{794BB052-F57E-471D-A4FA-63CFED400076}.Debug|Any CPU.Build.0 = Debug|Any CPU
		{794BB052-F57E-471D-A4FA-63CFED400076}.Release|Any CPU.ActiveCfg = Release|Any CPU
		{794BB052-F57E-471D-A4FA-63CFED400076}.Release|Any CPU.Build.0 = Release|Any CPU
		{EB22AD7A-33CE-40D8-866F-4B1BA87A640F}.Debug|Any CPU.ActiveCfg = Debug|Any CPU
		{EB22AD7A-33CE-40D8-866F-4B1BA87A640F}.Debug|Any CPU.Build.0 = Debug|Any CPU
		{EB22AD7A-33CE-40D8-866F-4B1BA87A640F}.Release|Any CPU.ActiveCfg = Release|Any CPU
		{EB22AD7A-33CE-40D8-866F-4B1BA87A640F}.Release|Any CPU.Build.0 = Release|Any CPU
		{122810CF-7BBA-4E41-A200-2B1A9BA17ECD}.Debug|Any CPU.ActiveCfg = Debug|Any CPU
		{122810CF-7BBA-4E41-A200-2B1A9BA17ECD}.Debug|Any CPU.Build.0 = Debug|Any CPU
		{122810CF-7BBA-4E41-A200-2B1A9BA17ECD}.Release|Any CPU.ActiveCfg = Release|Any CPU
		{122810CF-7BBA-4E41-A200-2B1A9BA17ECD}.Release|Any CPU.Build.0 = Release|Any CPU
		{5EE54F0B-59C6-4219-A121-57F1E0FAE45C}.Debug|Any CPU.ActiveCfg = Debug|Any CPU
		{5EE54F0B-59C6-4219-A121-57F1E0FAE45C}.Debug|Any CPU.Build.0 = Debug|Any CPU
		{5EE54F0B-59C6-4219-A121-57F1E0FAE45C}.Release|Any CPU.ActiveCfg = Release|Any CPU
		{5EE54F0B-59C6-4219-A121-57F1E0FAE45C}.Release|Any CPU.Build.0 = Release|Any CPU
		{65C5978D-7F14-4BFD-A2AE-756FAA04F6F9}.Debug|Any CPU.ActiveCfg = Debug|Any CPU
		{65C5978D-7F14-4BFD-A2AE-756FAA04F6F9}.Debug|Any CPU.Build.0 = Debug|Any CPU
		{65C5978D-7F14-4BFD-A2AE-756FAA04F6F9}.Release|Any CPU.ActiveCfg = Release|Any CPU
		{65C5978D-7F14-4BFD-A2AE-756FAA04F6F9}.Release|Any CPU.Build.0 = Release|Any CPU
		{E1C48B35-2627-49B8-AF9D-921B58B99B00}.Debug|Any CPU.ActiveCfg = Debug|Any CPU
		{E1C48B35-2627-49B8-AF9D-921B58B99B00}.Debug|Any CPU.Build.0 = Debug|Any CPU
		{E1C48B35-2627-49B8-AF9D-921B58B99B00}.Release|Any CPU.ActiveCfg = Release|Any CPU
		{E1C48B35-2627-49B8-AF9D-921B58B99B00}.Release|Any CPU.Build.0 = Release|Any CPU
		{A65902D2-DF8E-4558-808B-99007BFFBF97}.Debug|Any CPU.ActiveCfg = Debug|Any CPU
		{A65902D2-DF8E-4558-808B-99007BFFBF97}.Debug|Any CPU.Build.0 = Debug|Any CPU
		{A65902D2-DF8E-4558-808B-99007BFFBF97}.Release|Any CPU.ActiveCfg = Release|Any CPU
		{A65902D2-DF8E-4558-808B-99007BFFBF97}.Release|Any CPU.Build.0 = Release|Any CPU
		{46081CF9-8EB6-4738-BFAF-B8FBDCB8B6BA}.Debug|Any CPU.ActiveCfg = Debug|Any CPU
		{46081CF9-8EB6-4738-BFAF-B8FBDCB8B6BA}.Debug|Any CPU.Build.0 = Debug|Any CPU
		{46081CF9-8EB6-4738-BFAF-B8FBDCB8B6BA}.Release|Any CPU.ActiveCfg = Release|Any CPU
		{46081CF9-8EB6-4738-BFAF-B8FBDCB8B6BA}.Release|Any CPU.Build.0 = Release|Any CPU
		{F268080E-EAA3-4015-9871-B5158FAE2EA7}.Debug|Any CPU.ActiveCfg = Debug|Any CPU
		{F268080E-EAA3-4015-9871-B5158FAE2EA7}.Debug|Any CPU.Build.0 = Debug|Any CPU
		{F268080E-EAA3-4015-9871-B5158FAE2EA7}.Release|Any CPU.ActiveCfg = Release|Any CPU
		{F268080E-EAA3-4015-9871-B5158FAE2EA7}.Release|Any CPU.Build.0 = Release|Any CPU
		{E0E0E7B0-2BFC-490F-8CB1-A255F08799B1}.Debug|Any CPU.ActiveCfg = Debug|Any CPU
		{E0E0E7B0-2BFC-490F-8CB1-A255F08799B1}.Debug|Any CPU.Build.0 = Debug|Any CPU
		{E0E0E7B0-2BFC-490F-8CB1-A255F08799B1}.Release|Any CPU.ActiveCfg = Release|Any CPU
		{E0E0E7B0-2BFC-490F-8CB1-A255F08799B1}.Release|Any CPU.Build.0 = Release|Any CPU
		{F3E2F0A4-6323-43D9-AA99-DB2AA86CA39A}.Debug|Any CPU.ActiveCfg = Debug|Any CPU
		{F3E2F0A4-6323-43D9-AA99-DB2AA86CA39A}.Debug|Any CPU.Build.0 = Debug|Any CPU
		{F3E2F0A4-6323-43D9-AA99-DB2AA86CA39A}.Release|Any CPU.ActiveCfg = Release|Any CPU
		{F3E2F0A4-6323-43D9-AA99-DB2AA86CA39A}.Release|Any CPU.Build.0 = Release|Any CPU
	EndGlobalSection
	GlobalSection(SolutionProperties) = preSolution
		HideSolutionNode = FALSE
	EndGlobalSection
	GlobalSection(NestedProjects) = preSolution
		{1834080E-D3F0-4F16-9F2E-307068883548} = {4B5EE425-6525-4F6D-824F-96E9C0EBDB5A}
		{936D16EF-3A04-4669-9CE3-B05C1406A41A} = {4B5EE425-6525-4F6D-824F-96E9C0EBDB5A}
		{AAE2B32D-4399-43F2-A7B2-FEF3983D7F01} = {4B5EE425-6525-4F6D-824F-96E9C0EBDB5A}
		{ABFB735F-2BAE-46D9-994E-1BDC2C3F46E0} = {4B5EE425-6525-4F6D-824F-96E9C0EBDB5A}
		{7EA0614D-408F-463E-BCD8-39AC461E022C} = {4B5EE425-6525-4F6D-824F-96E9C0EBDB5A}
		{7C5FDE97-E38A-4922-976E-D2813A199902} = {4E43C1D6-4F9D-401D-9DCA-91DF7908061D}
		{337185AC-BC91-48F0-B5FE-E27AADF13EF5} = {4E43C1D6-4F9D-401D-9DCA-91DF7908061D}
		{27EB1D32-A904-4ACD-8F79-4D0A410CA78F} = {4E43C1D6-4F9D-401D-9DCA-91DF7908061D}
		{794BB052-F57E-471D-A4FA-63CFED400076} = {4E43C1D6-4F9D-401D-9DCA-91DF7908061D}
		{EB22AD7A-33CE-40D8-866F-4B1BA87A640F} = {4E43C1D6-4F9D-401D-9DCA-91DF7908061D}
		{122810CF-7BBA-4E41-A200-2B1A9BA17ECD} = {3A0A8BED-320C-436F-A514-505B1FECEDC9}
		{5EE54F0B-59C6-4219-A121-57F1E0FAE45C} = {3A0A8BED-320C-436F-A514-505B1FECEDC9}
		{65C5978D-7F14-4BFD-A2AE-756FAA04F6F9} = {3A0A8BED-320C-436F-A514-505B1FECEDC9}
		{E1C48B35-2627-49B8-AF9D-921B58B99B00} = {3A0A8BED-320C-436F-A514-505B1FECEDC9}
		{A65902D2-DF8E-4558-808B-99007BFFBF97} = {024FCAE9-AC1F-45EB-B7A2-2218D999CFD3}
		{46081CF9-8EB6-4738-BFAF-B8FBDCB8B6BA} = {024FCAE9-AC1F-45EB-B7A2-2218D999CFD3}
		{F268080E-EAA3-4015-9871-B5158FAE2EA7} = {024FCAE9-AC1F-45EB-B7A2-2218D999CFD3}
		{E0E0E7B0-2BFC-490F-8CB1-A255F08799B1} = {024FCAE9-AC1F-45EB-B7A2-2218D999CFD3}
		{F3E2F0A4-6323-43D9-AA99-DB2AA86CA39A} = {C9E25767-6EB4-4829-942D-28F32DFA5DC6}
	EndGlobalSection
	GlobalSection(ExtensibilityGlobals) = postSolution
		SolutionGuid = {C704847F-6FCF-4C8A-92F8-228A33C26DB8}
	EndGlobalSection
EndGlobal
